
Microsoft Visual Studio Solution File, Format Version 12.00
# Visual Studio Version 16
VisualStudioVersion = 16.0.35706.149
MinimumVisualStudioVersion = 10.0.40219.1
Project("{8BC9CEB8-8B4A-11D0-8D11-00A0C91BC942}") = "4.1", "4.1\4.1.vcxproj", "{F24F8D17-14EE-4D38-8186-D80124D1F503}"
EndProject
Project("{8BC9CEB8-8B4A-11D0-8D11-00A0C91BC942}") = "gen", "gen\gen.vcxproj", "{E7AC6EE9-2614-4DE9-8DB5-98ED0268EC10}"
EndProject
Global
	GlobalSection(SolutionConfigurationPlatforms) = preSolution
		Debug|x64 = Debug|x64
		Debug|x86 = Debug|x86
		Release|x64 = Release|x64
		Release|x86 = Release|x86
	EndGlobalSection
	GlobalSection(ProjectConfigurationPlatforms) = postSolution
		{F24F8D17-14EE-4D38-8186-D80124D1F503}.Debug|x64.ActiveCfg = Debug|x64
		{F24F8D17-14EE-4D38-8186-D80124D1F503}.Debug|x64.Build.0 = Debug|x64
		{F24F8D17-14EE-4D38-8186-D80124D1F503}.Debug|x86.ActiveCfg = Debug|Win32
		{F24F8D17-14EE-4D38-8186-D80124D1F503}.Debug|x86.Build.0 = Debug|Win32
		{F24F8D17-14EE-4D38-8186-D80124D1F503}.Release|x64.ActiveCfg = Release|x64
		{F24F8D17-14EE-4D38-8186-D80124D1F503}.Release|x64.Build.0 = Release|x64
		{F24F8D17-14EE-4D38-8186-D80124D1F503}.Release|x86.ActiveCfg = Release|Win32
		{F24F8D17-14EE-4D38-8186-D80124D1F503}.Release|x86.Build.0 = Release|Win32
		{E7AC6EE9-2614-4DE9-8DB5-98ED0268EC10}.Debug|x64.ActiveCfg = Debug|x64
		{E7AC6EE9-2614-4DE9-8DB5-98ED0268EC10}.Debug|x64.Build.0 = Debug|x64
		{E7AC6EE9-2614-4DE9-8DB5-98ED0268EC10}.Debug|x86.ActiveCfg = Debug|Win32
		{E7AC6EE9-2614-4DE9-8DB5-98ED0268EC10}.Debug|x86.Build.0 = Debug|Win32
		{E7AC6EE9-2614-4DE9-8DB5-98ED0268EC10}.Release|x64.ActiveCfg = Release|x64
		{E7AC6EE9-2614-4DE9-8DB5-98ED0268EC10}.Release|x64.Build.0 = Release|x64
		{E7AC6EE9-2614-4DE9-8DB5-98ED0268EC10}.Release|x86.ActiveCfg = Release|Win32
		{E7AC6EE9-2614-4DE9-8DB5-98ED0268EC10}.Release|x86.Build.0 = Release|Win32
	EndGlobalSection
	GlobalSection(SolutionProperties) = preSolution
		HideSolutionNode = FALSE
	EndGlobalSection
	GlobalSection(ExtensibilityGlobals) = postSolution
		SolutionGuid = {0DF5C753-71ED-4FC6-AB3A-4824609039E6}
	EndGlobalSection
EndGlobal
